// !$*UTF8*$!
{
	archiveVersion = 1;
	classes = {
	};
	objectVersion = 46;
	objects = {

/* Begin PBXBuildFile section */
		202F01871D55F5BD00B65FC8 /* AppDelegate.swift in Sources */ = {isa = PBXBuildFile; fileRef = 202F01861D55F5BD00B65FC8 /* AppDelegate.swift */; };
		202F01891D55F5BD00B65FC8 /* LoginViewController.swift in Sources */ = {isa = PBXBuildFile; fileRef = 202F01881D55F5BD00B65FC8 /* LoginViewController.swift */; };
		202F018C1D55F5BD00B65FC8 /* Main.storyboard in Resources */ = {isa = PBXBuildFile; fileRef = 202F018A1D55F5BD00B65FC8 /* Main.storyboard */; };
		202F018E1D55F5BD00B65FC8 /* Assets.xcassets in Resources */ = {isa = PBXBuildFile; fileRef = 202F018D1D55F5BD00B65FC8 /* Assets.xcassets */; };
		202F01911D55F5BD00B65FC8 /* LaunchScreen.storyboard in Resources */ = {isa = PBXBuildFile; fileRef = 202F018F1D55F5BD00B65FC8 /* LaunchScreen.storyboard */; };
		20844A491D55FC9600309A02 /* RegisterViewController.swift in Sources */ = {isa = PBXBuildFile; fileRef = 20844A481D55FC9600309A02 /* RegisterViewController.swift */; };
		20844A4B1D5620B200309A02 /* UIViewController.swift in Sources */ = {isa = PBXBuildFile; fileRef = 20844A4A1D5620B200309A02 /* UIViewController.swift */; };
		20844A4D1D5630CE00309A02 /* MapViewController.swift in Sources */ = {isa = PBXBuildFile; fileRef = 20844A4C1D5630CE00309A02 /* MapViewController.swift */; };
		20844A4F1D56313200309A02 /* MapKit.framework in Frameworks */ = {isa = PBXBuildFile; fileRef = 20844A4E1D56313200309A02 /* MapKit.framework */; };
		20844A511D57B94B00309A02 /* ProfileViewController.swift in Sources */ = {isa = PBXBuildFile; fileRef = 20844A501D57B94B00309A02 /* ProfileViewController.swift */; };
		20DFA1051D592CC7009C1357 /* UserData.swift in Sources */ = {isa = PBXBuildFile; fileRef = 20DFA1041D592CC7009C1357 /* UserData.swift */; };
		20DFA1071D592CE9009C1357 /* FriendListViewController.swift in Sources */ = {isa = PBXBuildFile; fileRef = 20DFA1061D592CE9009C1357 /* FriendListViewController.swift */; };
		20DFA1091D6F954F009C1357 /* SelectFriendsViewController.swift in Sources */ = {isa = PBXBuildFile; fileRef = 20DFA1081D6F954F009C1357 /* SelectFriendsViewController.swift */; };
		A0B70CC6012E91D2183421CB /* Pods_FindMe.framework in Frameworks */ = {isa = PBXBuildFile; fileRef = 604108AA1AB2CDA6E01878E6 /* Pods_FindMe.framework */; };
/* End PBXBuildFile section */

/* Begin PBXFileReference section */
		202F01831D55F5BD00B65FC8 /* FindMe.app */ = {isa = PBXFileReference; explicitFileType = wrapper.application; includeInIndex = 0; path = FindMe.app; sourceTree = BUILT_PRODUCTS_DIR; };
		202F01861D55F5BD00B65FC8 /* AppDelegate.swift */ = {isa = PBXFileReference; lastKnownFileType = sourcecode.swift; path = AppDelegate.swift; sourceTree = "<group>"; };
		202F01881D55F5BD00B65FC8 /* LoginViewController.swift */ = {isa = PBXFileReference; lastKnownFileType = sourcecode.swift; path = LoginViewController.swift; sourceTree = "<group>"; };
		202F018B1D55F5BD00B65FC8 /* Base */ = {isa = PBXFileReference; lastKnownFileType = file.storyboard; name = Base; path = Base.lproj/Main.storyboard; sourceTree = "<group>"; };
		202F018D1D55F5BD00B65FC8 /* Assets.xcassets */ = {isa = PBXFileReference; lastKnownFileType = folder.assetcatalog; path = Assets.xcassets; sourceTree = "<group>"; };
		202F01901D55F5BD00B65FC8 /* Base */ = {isa = PBXFileReference; lastKnownFileType = file.storyboard; name = Base; path = Base.lproj/LaunchScreen.storyboard; sourceTree = "<group>"; };
		202F01921D55F5BD00B65FC8 /* Info.plist */ = {isa = PBXFileReference; lastKnownFileType = text.plist.xml; path = Info.plist; sourceTree = "<group>"; };
		20844A481D55FC9600309A02 /* RegisterViewController.swift */ = {isa = PBXFileReference; fileEncoding = 4; lastKnownFileType = sourcecode.swift; path = RegisterViewController.swift; sourceTree = "<group>"; };
		20844A4A1D5620B200309A02 /* UIViewController.swift */ = {isa = PBXFileReference; fileEncoding = 4; lastKnownFileType = sourcecode.swift; path = UIViewController.swift; sourceTree = "<group>"; };
		20844A4C1D5630CE00309A02 /* MapViewController.swift */ = {isa = PBXFileReference; fileEncoding = 4; lastKnownFileType = sourcecode.swift; path = MapViewController.swift; sourceTree = "<group>"; };
		20844A4E1D56313200309A02 /* MapKit.framework */ = {isa = PBXFileReference; lastKnownFileType = wrapper.framework; name = MapKit.framework; path = System/Library/Frameworks/MapKit.framework; sourceTree = SDKROOT; };
		20844A501D57B94B00309A02 /* ProfileViewController.swift */ = {isa = PBXFileReference; fileEncoding = 4; lastKnownFileType = sourcecode.swift; path = ProfileViewController.swift; sourceTree = "<group>"; };
		20DFA1041D592CC7009C1357 /* UserData.swift */ = {isa = PBXFileReference; fileEncoding = 4; lastKnownFileType = sourcecode.swift; path = UserData.swift; sourceTree = "<group>"; };
		20DFA1061D592CE9009C1357 /* FriendListViewController.swift */ = {isa = PBXFileReference; fileEncoding = 4; lastKnownFileType = sourcecode.swift; path = FriendListViewController.swift; sourceTree = "<group>"; };
		20DFA1081D6F954F009C1357 /* SelectFriendsViewController.swift */ = {isa = PBXFileReference; fileEncoding = 4; lastKnownFileType = sourcecode.swift; path = SelectFriendsViewController.swift; sourceTree = "<group>"; };
		47C9BA86EF141FA23D457538 /* Pods-FindMe.release.xcconfig */ = {isa = PBXFileReference; includeInIndex = 1; lastKnownFileType = text.xcconfig; name = "Pods-FindMe.release.xcconfig"; path = "Pods/Target Support Files/Pods-FindMe/Pods-FindMe.release.xcconfig"; sourceTree = "<group>"; };
		604108AA1AB2CDA6E01878E6 /* Pods_FindMe.framework */ = {isa = PBXFileReference; explicitFileType = wrapper.framework; includeInIndex = 0; path = Pods_FindMe.framework; sourceTree = BUILT_PRODUCTS_DIR; };
		94749C93F48454687298BA1B /* Pods-FindMe.debug.xcconfig */ = {isa = PBXFileReference; includeInIndex = 1; lastKnownFileType = text.xcconfig; name = "Pods-FindMe.debug.xcconfig"; path = "Pods/Target Support Files/Pods-FindMe/Pods-FindMe.debug.xcconfig"; sourceTree = "<group>"; };
/* End PBXFileReference section */

/* Begin PBXFrameworksBuildPhase section */
		202F01801D55F5BD00B65FC8 /* Frameworks */ = {
			isa = PBXFrameworksBuildPhase;
			buildActionMask = 2147483647;
			files = (
				20844A4F1D56313200309A02 /* MapKit.framework in Frameworks */,
				A0B70CC6012E91D2183421CB /* Pods_FindMe.framework in Frameworks */,
			);
			runOnlyForDeploymentPostprocessing = 0;
		};
/* End PBXFrameworksBuildPhase section */

/* Begin PBXGroup section */
		0EC4894AB59ED4186C303561 /* Frameworks */ = {
			isa = PBXGroup;
			children = (
				20844A4E1D56313200309A02 /* MapKit.framework */,
				604108AA1AB2CDA6E01878E6 /* Pods_FindMe.framework */,
			);
			name = Frameworks;
			sourceTree = "<group>";
		};
		202F017A1D55F5BD00B65FC8 = {
			isa = PBXGroup;
			children = (
				202F01851D55F5BD00B65FC8 /* FindMe */,
				202F01841D55F5BD00B65FC8 /* Products */,
				7CC51B0109731E9E4A8922A8 /* Pods */,
				0EC4894AB59ED4186C303561 /* Frameworks */,
			);
			sourceTree = "<group>";
		};
		202F01841D55F5BD00B65FC8 /* Products */ = {
			isa = PBXGroup;
			children = (
				202F01831D55F5BD00B65FC8 /* FindMe.app */,
			);
			name = Products;
			sourceTree = "<group>";
		};
		202F01851D55F5BD00B65FC8 /* FindMe */ = {
			isa = PBXGroup;
			children = (
				20844A541D5927E900309A02 /* Models */,
				20844A4A1D5620B200309A02 /* UIViewController.swift */,
				202F01861D55F5BD00B65FC8 /* AppDelegate.swift */,
				202F01881D55F5BD00B65FC8 /* LoginViewController.swift */,
				202F018A1D55F5BD00B65FC8 /* Main.storyboard */,
				20844A481D55FC9600309A02 /* RegisterViewController.swift */,
				202F018D1D55F5BD00B65FC8 /* Assets.xcassets */,
				202F018F1D55F5BD00B65FC8 /* LaunchScreen.storyboard */,
				202F01921D55F5BD00B65FC8 /* Info.plist */,
				20844A4C1D5630CE00309A02 /* MapViewController.swift */,
				20DFA1081D6F954F009C1357 /* SelectFriendsViewController.swift */,
				20844A501D57B94B00309A02 /* ProfileViewController.swift */,
				20DFA1061D592CE9009C1357 /* FriendListViewController.swift */,
			);
			path = FindMe;
			sourceTree = "<group>";
		};
		20844A541D5927E900309A02 /* Models */ = {
			isa = PBXGroup;
			children = (
				20DFA1041D592CC7009C1357 /* UserData.swift */,
			);
			name = Models;
			sourceTree = "<group>";
		};
		7CC51B0109731E9E4A8922A8 /* Pods */ = {
			isa = PBXGroup;
			children = (
				94749C93F48454687298BA1B /* Pods-FindMe.debug.xcconfig */,
				47C9BA86EF141FA23D457538 /* Pods-FindMe.release.xcconfig */,
			);
			name = Pods;
			sourceTree = "<group>";
		};
/* End PBXGroup section */

/* Begin PBXNativeTarget section */
		202F01821D55F5BD00B65FC8 /* FindMe */ = {
			isa = PBXNativeTarget;
			buildConfigurationList = 202F01951D55F5BD00B65FC8 /* Build configuration list for PBXNativeTarget "FindMe" */;
			buildPhases = (
				1E3CFE684702E4ABAD939672 /* [CP] Check Pods Manifest.lock */,
				202F017F1D55F5BD00B65FC8 /* Sources */,
				202F01801D55F5BD00B65FC8 /* Frameworks */,
				202F01811D55F5BD00B65FC8 /* Resources */,
				39B52B176B6549DBCA52B4D7 /* [CP] Embed Pods Frameworks */,
				786BB3FFDBED8DB3E3CF3CDA /* [CP] Copy Pods Resources */,
			);
			buildRules = (
			);
			dependencies = (
			);
			name = FindMe;
			productName = FindMe;
			productReference = 202F01831D55F5BD00B65FC8 /* FindMe.app */;
			productType = "com.apple.product-type.application";
		};
/* End PBXNativeTarget section */

/* Begin PBXProject section */
		202F017B1D55F5BD00B65FC8 /* Project object */ = {
			isa = PBXProject;
			attributes = {
				LastSwiftUpdateCheck = 0730;
				LastUpgradeCheck = 0730;
				ORGANIZATIONNAME = "Marcin Lament";
				TargetAttributes = {
					202F01821D55F5BD00B65FC8 = {
						CreatedOnToolsVersion = 7.3;
					};
				};
			};
			buildConfigurationList = 202F017E1D55F5BD00B65FC8 /* Build configuration list for PBXProject "FindMe" */;
			compatibilityVersion = "Xcode 3.2";
			developmentRegion = English;
			hasScannedForEncodings = 0;
			knownRegions = (
				en,
				Base,
			);
			mainGroup = 202F017A1D55F5BD00B65FC8;
			productRefGroup = 202F01841D55F5BD00B65FC8 /* Products */;
			projectDirPath = "";
			projectRoot = "";
			targets = (
				202F01821D55F5BD00B65FC8 /* FindMe */,
			);
		};
/* End PBXProject section */

/* Begin PBXResourcesBuildPhase section */
		202F01811D55F5BD00B65FC8 /* Resources */ = {
			isa = PBXResourcesBuildPhase;
			buildActionMask = 2147483647;
			files = (
				202F01911D55F5BD00B65FC8 /* LaunchScreen.storyboard in Resources */,
				202F018E1D55F5BD00B65FC8 /* Assets.xcassets in Resources */,
				202F018C1D55F5BD00B65FC8 /* Main.storyboard in Resources */,
			);
			runOnlyForDeploymentPostprocessing = 0;
		};
/* End PBXResourcesBuildPhase section */

/* Begin PBXShellScriptBuildPhase section */
		1E3CFE684702E4ABAD939672 /* [CP] Check Pods Manifest.lock */ = {
			isa = PBXShellScriptBuildPhase;
			buildActionMask = 2147483647;
			files = (
			);
			inputPaths = (
			);
			name = "[CP] Check Pods Manifest.lock";
			outputPaths = (
			);
			runOnlyForDeploymentPostprocessing = 0;
			shellPath = /bin/sh;
			shellScript = "diff \"${PODS_ROOT}/../Podfile.lock\" \"${PODS_ROOT}/Manifest.lock\" > /dev/null\nif [[ $? != 0 ]] ; then\n    cat << EOM\nerror: The sandbox is not in sync with the Podfile.lock. Run 'pod install' or update your CocoaPods installation.\nEOM\n    exit 1\nfi\n";
			showEnvVarsInLog = 0;
		};
		39B52B176B6549DBCA52B4D7 /* [CP] Embed Pods Frameworks */ = {
			isa = PBXShellScriptBuildPhase;
			buildActionMask = 2147483647;
			files = (
			);
			inputPaths = (
			);
			name = "[CP] Embed Pods Frameworks";
			outputPaths = (
			);
			runOnlyForDeploymentPostprocessing = 0;
			shellPath = /bin/sh;
			shellScript = "\"${SRCROOT}/Pods/Target Support Files/Pods-FindMe/Pods-FindMe-frameworks.sh\"\n";
			showEnvVarsInLog = 0;
		};
		786BB3FFDBED8DB3E3CF3CDA /* [CP] Copy Pods Resources */ = {
			isa = PBXShellScriptBuildPhase;
			buildActionMask = 2147483647;
			files = (
			);
			inputPaths = (
			);
			name = "[CP] Copy Pods Resources";
			outputPaths = (
			);
			runOnlyForDeploymentPostprocessing = 0;
			shellPath = /bin/sh;
			shellScript = "\"${SRCROOT}/Pods/Target Support Files/Pods-FindMe/Pods-FindMe-resources.sh\"\n";
			showEnvVarsInLog = 0;
		};
/* End PBXShellScriptBuildPhase section */

/* Begin PBXSourcesBuildPhase section */
		202F017F1D55F5BD00B65FC8 /* Sources */ = {
			isa = PBXSourcesBuildPhase;
			buildActionMask = 2147483647;
			files = (
				20844A511D57B94B00309A02 /* ProfileViewController.swift in Sources */,
				20DFA1091D6F954F009C1357 /* SelectFriendsViewController.swift in Sources */,
				20844A491D55FC9600309A02 /* RegisterViewController.swift in Sources */,
				20DFA1051D592CC7009C1357 /* UserData.swift in Sources */,
				202F01891D55F5BD00B65FC8 /* LoginViewController.swift in Sources */,
				20DFA1071D592CE9009C1357 /* FriendListViewController.swift in Sources */,
				20844A4B1D5620B200309A02 /* UIViewController.swift in Sources */,
				20844A4D1D5630CE00309A02 /* MapViewController.swift in Sources */,
				202F01871D55F5BD00B65FC8 /* AppDelegate.swift in Sources */,
			);
			runOnlyForDeploymentPostprocessing = 0;
		};
/* End PBXSourcesBuildPhase section */

/* Begin PBXVariantGroup section */
		202F018A1D55F5BD00B65FC8 /* Main.storyboard */ = {
			isa = PBXVariantGroup;
			children = (
				202F018B1D55F5BD00B65FC8 /* Base */,
			);
			name = Main.storyboard;
			sourceTree = "<group>";
		};
		202F018F1D55F5BD00B65FC8 /* LaunchScreen.storyboard */ = {
			isa = PBXVariantGroup;
			children = (
				202F01901D55F5BD00B65FC8 /* Base */,
			);
			name = LaunchScreen.storyboard;
			sourceTree = "<group>";
		};
/* End PBXVariantGroup section */

/* Begin XCBuildConfiguration section */
		202F01931D55F5BD00B65FC8 /* Debug */ = {
			isa = XCBuildConfiguration;
			buildSettings = {
				ALWAYS_SEARCH_USER_PATHS = NO;
				CLANG_ANALYZER_NONNULL = YES;
				CLANG_CXX_LANGUAGE_STANDARD = "gnu++0x";
				CLANG_CXX_LIBRARY = "libc++";
				CLANG_ENABLE_MODULES = YES;
				CLANG_ENABLE_OBJC_ARC = YES;
				CLANG_WARN_BOOL_CONVERSION = YES;
				CLANG_WARN_CONSTANT_CONVERSION = YES;
				CLANG_WARN_DIRECT_OBJC_ISA_USAGE = YES_ERROR;
				CLANG_WARN_EMPTY_BODY = YES;
				CLANG_WARN_ENUM_CONVERSION = YES;
				CLANG_WARN_INT_CONVERSION = YES;
				CLANG_WARN_OBJC_ROOT_CLASS = YES_ERROR;
				CLANG_WARN_UNREACHABLE_CODE = YES;
				CLANG_WARN__DUPLICATE_METHOD_MATCH = YES;
				"CODE_SIGN_IDENTITY[sdk=iphoneos*]" = "iPhone Developer";
				COPY_PHASE_STRIP = NO;
				DEBUG_INFORMATION_FORMAT = dwarf;
				ENABLE_STRICT_OBJC_MSGSEND = YES;
				ENABLE_TESTABILITY = YES;
				GCC_C_LANGUAGE_STANDARD = gnu99;
				GCC_DYNAMIC_NO_PIC = NO;
				GCC_NO_COMMON_BLOCKS = YES;
				GCC_OPTIMIZATION_LEVEL = 0;
				GCC_PREPROCESSOR_DEFINITIONS = (
					"DEBUG=1",
					"$(inherited)",
				);
				GCC_WARN_64_TO_32_BIT_CONVERSION = YES;
				GCC_WARN_ABOUT_RETURN_TYPE = YES_ERROR;
				GCC_WARN_UNDECLARED_SELECTOR = YES;
				GCC_WARN_UNINITIALIZED_AUTOS = YES_AGGRESSIVE;
				GCC_WARN_UNUSED_FUNCTION = YES;
				GCC_WARN_UNUSED_VARIABLE = YES;
				IPHONEOS_DEPLOYMENT_TARGET = 9.3;
				MTL_ENABLE_DEBUG_INFO = YES;
				ONLY_ACTIVE_ARCH = YES;
				SDKROOT = iphoneos;
				SWIFT_OPTIMIZATION_LEVEL = "-Onone";
				TARGETED_DEVICE_FAMILY = "1,2";
			};
			name = Debug;
		};
		202F01941D55F5BD00B65FC8 /* Release */ = {
			isa = XCBuildConfiguration;
			buildSettings = {
				ALWAYS_SEARCH_USER_PATHS = NO;
				CLANG_ANALYZER_NONNULL = YES;
				CLANG_CXX_LANGUAGE_STANDARD = "gnu++0x";
				CLANG_CXX_LIBRARY = "libc++";
				CLANG_ENABLE_MODULES = YES;
				CLANG_ENABLE_OBJC_ARC = YES;
				CLANG_WARN_BOOL_CONVERSION = YES;
				CLANG_WARN_CONSTANT_CONVERSION = YES;
				CLANG_WARN_DIRECT_OBJC_ISA_USAGE = YES_ERROR;
				CLANG_WARN_EMPTY_BODY = YES;
				CLANG_WARN_ENUM_CONVERSION = YES;
				CLANG_WARN_INT_CONVERSION = YES;
				CLANG_WARN_OBJC_ROOT_CLASS = YES_ERROR;
				CLANG_WARN_UNREACHABLE_CODE = YES;
				CLANG_WARN__DUPLICATE_METHOD_MATCH = YES;
				"CODE_SIGN_IDENTITY[sdk=iphoneos*]" = "iPhone Developer";
				COPY_PHASE_STRIP = NO;
				DEBUG_INFORMATION_FORMAT = "dwarf-with-dsym";
				ENABLE_NS_ASSERTIONS = NO;
				ENABLE_STRICT_OBJC_MSGSEND = YES;
				GCC_C_LANGUAGE_STANDARD = gnu99;
				GCC_NO_COMMON_BLOCKS = YES;
				GCC_WARN_64_TO_32_BIT_CONVERSION = YES;
				GCC_WARN_ABOUT_RETURN_TYPE = YES_ERROR;
				GCC_WARN_UNDECLARED_SELECTOR = YES;
				GCC_WARN_UNINITIALIZED_AUTOS = YES_AGGRESSIVE;
				GCC_WARN_UNUSED_FUNCTION = YES;
				GCC_WARN_UNUSED_VARIABLE = YES;
				IPHONEOS_DEPLOYMENT_TARGET = 9.3;
				MTL_ENABLE_DEBUG_INFO = NO;
				SDKROOT = iphoneos;
				TARGETED_DEVICE_FAMILY = "1,2";
				VALIDATE_PRODUCT = YES;
			};
			name = Release;
		};
		202F01961D55F5BD00B65FC8 /* Debug */ = {
			isa = XCBuildConfiguration;
			baseConfigurationReference = 94749C93F48454687298BA1B /* Pods-FindMe.debug.xcconfig */;
			buildSettings = {
				ASSETCATALOG_COMPILER_APPICON_NAME = AppIcon;
				INFOPLIST_FILE = FindMe/Info.plist;
				LD_RUNPATH_SEARCH_PATHS = "$(inherited) @executable_path/Frameworks";
				PRODUCT_BUNDLE_IDENTIFIER = com.lammar.FindMe;
				PRODUCT_NAME = "$(TARGET_NAME)";
				TARGETED_DEVICE_FAMILY = 1;
			};
			name = Debug;
		};
		202F01971D55F5BD00B65FC8 /* Release */ = {
			isa = XCBuildConfiguration;
			baseConfigurationReference = 47C9BA86EF141FA23D457538 /* Pods-FindMe.release.xcconfig */;
			buildSettings = {
				ASSETCATALOG_COMPILER_APPICON_NAME = AppIcon;
				INFOPLIST_FILE = FindMe/Info.plist;
				LD_RUNPATH_SEARCH_PATHS = "$(inherited) @executable_path/Frameworks";
				PRODUCT_BUNDLE_IDENTIFIER = com.lammar.FindMe;
				PRODUCT_NAME = "$(TARGET_NAME)";
				TARGETED_DEVICE_FAMILY = 1;
			};
			name = Release;
		};
/* End XCBuildConfiguration section */

/* Begin XCConfigurationList section */
		202F017E1D55F5BD00B65FC8 /* Build configuration list for PBXProject "FindMe" */ = {
			isa = XCConfigurationList;
			buildConfigurations = (
				202F01931D55F5BD00B65FC8 /* Debug */,
				202F01941D55F5BD00B65FC8 /* Release */,
			);
			defaultConfigurationIsVisible = 0;
			defaultConfigurationName = Release;
		};
		202F01951D55F5BD00B65FC8 /* Build configuration list for PBXNativeTarget "FindMe" */ = {
			isa = XCConfigurationList;
			buildConfigurations = (
				202F01961D55F5BD00B65FC8 /* Debug */,
				202F01971D55F5BD00B65FC8 /* Release */,
			);
			defaultConfigurationIsVisible = 0;
			defaultConfigurationName = Release;
		};
/* End XCConfigurationList section */
	};
	rootObject = 202F017B1D55F5BD00B65FC8 /* Project object */;
}
